
Microsoft Visual Studio Solution File, Format Version 12.00
# Visual Studio Version 17
VisualStudioVersion = 17.3.32929.385
MinimumVisualStudioVersion = 10.0.40219.1
Project("{FAE04EC0-301F-11D3-BF4B-00C04F79EFBC}") = "CodeALpha_Quiz", "CodeALpha_Quiz.csproj", "{C50CEB86-8895-42B1-B7FE-36F9DB5DE66B}"
EndProject
Global
	GlobalSection(SolutionConfigurationPlatforms) = preSolution
		Debug|Any CPU = Debug|Any CPU
		Release|Any CPU = Release|Any CPU
	EndGlobalSection
	GlobalSection(ProjectConfigurationPlatforms) = postSolution
		{C50CEB86-8895-42B1-B7FE-36F9DB5DE66B}.Debug|Any CPU.ActiveCfg = Debug|Any CPU
		{C50CEB86-8895-42B1-B7FE-36F9DB5DE66B}.Debug|Any CPU.Build.0 = Debug|Any CPU
		{C50CEB86-8895-42B1-B7FE-36F9DB5DE66B}.Release|Any CPU.ActiveCfg = Release|Any CPU
		{C50CEB86-8895-42B1-B7FE-36F9DB5DE66B}.Release|Any CPU.Build.0 = Release|Any CPU
	EndGlobalSection
	GlobalSection(SolutionProperties) = preSolution
		HideSolutionNode = FALSE
	EndGlobalSection
	GlobalSection(ExtensibilityGlobals) = postSolution
		SolutionGuid = {5B38D07F-2C3F-49ED-975F-2A227B519DAB}
	EndGlobalSection
EndGlobal
